
Microsoft Visual Studio Solution File, Format Version 12.00
# Visual Studio Version 17
VisualStudioVersion = 17.4.33122.133
MinimumVisualStudioVersion = 10.0.40219.1
Project("{FAE04EC0-301F-11D3-BF4B-00C04F79EFBC}") = "dice Roller", "dice Roller\dice Roller.csproj", "{80897999-903F-4D61-A03A-17260514FD6D}"
EndProject
Global
	GlobalSection(SolutionConfigurationPlatforms) = preSolution
		Debug|Any CPU = Debug|Any CPU
		Release|Any CPU = Release|Any CPU
	EndGlobalSection
	GlobalSection(ProjectConfigurationPlatforms) = postSolution
		{80897999-903F-4D61-A03A-17260514FD6D}.Debug|Any CPU.ActiveCfg = Debug|Any CPU
		{80897999-903F-4D61-A03A-17260514FD6D}.Debug|Any CPU.Build.0 = Debug|Any CPU
		{80897999-903F-4D61-A03A-17260514FD6D}.Release|Any CPU.ActiveCfg = Release|Any CPU
		{80897999-903F-4D61-A03A-17260514FD6D}.Release|Any CPU.Build.0 = Release|Any CPU
	EndGlobalSection
	GlobalSection(SolutionProperties) = preSolution
		HideSolutionNode = FALSE
	EndGlobalSection
	GlobalSection(ExtensibilityGlobals) = postSolution
		SolutionGuid = {8309F8AC-C7D7-4E50-B814-BCE5D77C6AC2}
	EndGlobalSection
EndGlobal
